// !$*UTF8*$!
{
	archiveVersion = 1;
	classes = {
	};
	objectVersion = 46;
	objects = {

/* Begin PBXBuildFile section */
		0605DAB91D49B18E00811101 /* HPConnection.m in Sources */ = {isa = PBXBuildFile; fileRef = 0605DAB81D49B18E00811101 /* HPConnection.m */; };
		0605DABC1D49B1A400811101 /* HPServer.m in Sources */ = {isa = PBXBuildFile; fileRef = 0605DABB1D49B1A400811101 /* HPServer.m */; };
		0605DABF1D49B1AF00811101 /* HPClient.m in Sources */ = {isa = PBXBuildFile; fileRef = 0605DABE1D49B1AF00811101 /* HPClient.m */; };
		0605DAC21D49BE0400811101 /* HPProxy.m in Sources */ = {isa = PBXBuildFile; fileRef = 0605DAC11D49BE0400811101 /* HPProxy.m */; };
		0605DAC51D49C0DE00811101 /* HPParser.m in Sources */ = {isa = PBXBuildFile; fileRef = 0605DAC41D49C0DE00811101 /* HPParser.m */; };
		06CADFE91D474953009FC910 /* main.m in Sources */ = {isa = PBXBuildFile; fileRef = 06CADFE81D474953009FC910 /* main.m */; };
		06CADFEC1D474953009FC910 /* AppDelegate.m in Sources */ = {isa = PBXBuildFile; fileRef = 06CADFEB1D474953009FC910 /* AppDelegate.m */; };
		06CADFEF1D474953009FC910 /* ViewController.m in Sources */ = {isa = PBXBuildFile; fileRef = 06CADFEE1D474953009FC910 /* ViewController.m */; };
		06CADFF21D474953009FC910 /* Main.storyboard in Resources */ = {isa = PBXBuildFile; fileRef = 06CADFF01D474953009FC910 /* Main.storyboard */; };
		06CADFF41D474953009FC910 /* Assets.xcassets in Resources */ = {isa = PBXBuildFile; fileRef = 06CADFF31D474953009FC910 /* Assets.xcassets */; };
		06CADFF71D474953009FC910 /* LaunchScreen.storyboard in Resources */ = {isa = PBXBuildFile; fileRef = 06CADFF51D474953009FC910 /* LaunchScreen.storyboard */; };
		06CAE0041D474A02009FC910 /* Documentation.html in Resources */ = {isa = PBXBuildFile; fileRef = 06CADFFF1D474A02009FC910 /* Documentation.html */; };
		06CAE0051D474A02009FC910 /* GCDAsyncSocket.m in Sources */ = {isa = PBXBuildFile; fileRef = 06CAE0011D474A02009FC910 /* GCDAsyncSocket.m */; };
		06CAE0061D474A02009FC910 /* GCDAsyncUdpSocket.m in Sources */ = {isa = PBXBuildFile; fileRef = 06CAE0031D474A02009FC910 /* GCDAsyncUdpSocket.m */; };
/* End PBXBuildFile section */

/* Begin PBXFileReference section */
		0605DAB71D49B18E00811101 /* HPConnection.h */ = {isa = PBXFileReference; fileEncoding = 4; lastKnownFileType = sourcecode.c.h; path = HPConnection.h; sourceTree = "<group>"; };
		0605DAB81D49B18E00811101 /* HPConnection.m */ = {isa = PBXFileReference; fileEncoding = 4; lastKnownFileType = sourcecode.c.objc; path = HPConnection.m; sourceTree = "<group>"; };
		0605DABA1D49B1A400811101 /* HPServer.h */ = {isa = PBXFileReference; fileEncoding = 4; lastKnownFileType = sourcecode.c.h; path = HPServer.h; sourceTree = "<group>"; };
		0605DABB1D49B1A400811101 /* HPServer.m */ = {isa = PBXFileReference; fileEncoding = 4; lastKnownFileType = sourcecode.c.objc; path = HPServer.m; sourceTree = "<group>"; };
		0605DABD1D49B1AF00811101 /* HPClient.h */ = {isa = PBXFileReference; fileEncoding = 4; lastKnownFileType = sourcecode.c.h; path = HPClient.h; sourceTree = "<group>"; };
		0605DABE1D49B1AF00811101 /* HPClient.m */ = {isa = PBXFileReference; fileEncoding = 4; lastKnownFileType = sourcecode.c.objc; path = HPClient.m; sourceTree = "<group>"; };
		0605DAC01D49BE0400811101 /* HPProxy.h */ = {isa = PBXFileReference; fileEncoding = 4; lastKnownFileType = sourcecode.c.h; path = HPProxy.h; sourceTree = "<group>"; };
		0605DAC11D49BE0400811101 /* HPProxy.m */ = {isa = PBXFileReference; fileEncoding = 4; lastKnownFileType = sourcecode.c.objc; path = HPProxy.m; sourceTree = "<group>"; };
		0605DAC31D49C0DE00811101 /* HPParser.h */ = {isa = PBXFileReference; fileEncoding = 4; lastKnownFileType = sourcecode.c.h; path = HPParser.h; sourceTree = "<group>"; };
		0605DAC41D49C0DE00811101 /* HPParser.m */ = {isa = PBXFileReference; fileEncoding = 4; lastKnownFileType = sourcecode.c.objc; path = HPParser.m; sourceTree = "<group>"; };
		06CADFE41D474953009FC910 /* HttpProxy.app */ = {isa = PBXFileReference; explicitFileType = wrapper.application; includeInIndex = 0; path = HttpProxy.app; sourceTree = BUILT_PRODUCTS_DIR; };
		06CADFE81D474953009FC910 /* main.m */ = {isa = PBXFileReference; lastKnownFileType = sourcecode.c.objc; path = main.m; sourceTree = "<group>"; };
		06CADFEA1D474953009FC910 /* AppDelegate.h */ = {isa = PBXFileReference; lastKnownFileType = sourcecode.c.h; path = AppDelegate.h; sourceTree = "<group>"; };
		06CADFEB1D474953009FC910 /* AppDelegate.m */ = {isa = PBXFileReference; lastKnownFileType = sourcecode.c.objc; path = AppDelegate.m; sourceTree = "<group>"; };
		06CADFED1D474953009FC910 /* ViewController.h */ = {isa = PBXFileReference; lastKnownFileType = sourcecode.c.h; path = ViewController.h; sourceTree = "<group>"; };
		06CADFEE1D474953009FC910 /* ViewController.m */ = {isa = PBXFileReference; lastKnownFileType = sourcecode.c.objc; path = ViewController.m; sourceTree = "<group>"; };
		06CADFF11D474953009FC910 /* Base */ = {isa = PBXFileReference; lastKnownFileType = file.storyboard; name = Base; path = Base.lproj/Main.storyboard; sourceTree = "<group>"; };
		06CADFF31D474953009FC910 /* Assets.xcassets */ = {isa = PBXFileReference; lastKnownFileType = folder.assetcatalog; path = Assets.xcassets; sourceTree = "<group>"; };
		06CADFF61D474953009FC910 /* Base */ = {isa = PBXFileReference; lastKnownFileType = file.storyboard; name = Base; path = Base.lproj/LaunchScreen.storyboard; sourceTree = "<group>"; };
		06CADFF81D474954009FC910 /* Info.plist */ = {isa = PBXFileReference; lastKnownFileType = text.plist.xml; path = Info.plist; sourceTree = "<group>"; };
		06CADFFF1D474A02009FC910 /* Documentation.html */ = {isa = PBXFileReference; fileEncoding = 4; lastKnownFileType = text.html; path = Documentation.html; sourceTree = "<group>"; };
		06CAE0001D474A02009FC910 /* GCDAsyncSocket.h */ = {isa = PBXFileReference; fileEncoding = 4; lastKnownFileType = sourcecode.c.h; path = GCDAsyncSocket.h; sourceTree = "<group>"; };
		06CAE0011D474A02009FC910 /* GCDAsyncSocket.m */ = {isa = PBXFileReference; fileEncoding = 4; lastKnownFileType = sourcecode.c.objc; path = GCDAsyncSocket.m; sourceTree = "<group>"; };
		06CAE0021D474A02009FC910 /* GCDAsyncUdpSocket.h */ = {isa = PBXFileReference; fileEncoding = 4; lastKnownFileType = sourcecode.c.h; path = GCDAsyncUdpSocket.h; sourceTree = "<group>"; };
		06CAE0031D474A02009FC910 /* GCDAsyncUdpSocket.m */ = {isa = PBXFileReference; fileEncoding = 4; lastKnownFileType = sourcecode.c.objc; path = GCDAsyncUdpSocket.m; sourceTree = "<group>"; };
/* End PBXFileReference section */

/* Begin PBXFrameworksBuildPhase section */
		06CADFE11D474953009FC910 /* Frameworks */ = {
			isa = PBXFrameworksBuildPhase;
			buildActionMask = 2147483647;
			files = (
			);
			runOnlyForDeploymentPostprocessing = 0;
		};
/* End PBXFrameworksBuildPhase section */

/* Begin PBXGroup section */
		06CADFDB1D474953009FC910 = {
			isa = PBXGroup;
			children = (
				06CADFE61D474953009FC910 /* HttpProxy */,
				06CADFE51D474953009FC910 /* Products */,
			);
			sourceTree = "<group>";
		};
		06CADFE51D474953009FC910 /* Products */ = {
			isa = PBXGroup;
			children = (
				06CADFE41D474953009FC910 /* HttpProxy.app */,
			);
			name = Products;
			sourceTree = "<group>";
		};
		06CADFE61D474953009FC910 /* HttpProxy */ = {
			isa = PBXGroup;
			children = (
				06CADFFE1D474A02009FC910 /* GCD */,
				06CADFEA1D474953009FC910 /* AppDelegate.h */,
				06CADFEB1D474953009FC910 /* AppDelegate.m */,
				06CADFED1D474953009FC910 /* ViewController.h */,
				06CADFEE1D474953009FC910 /* ViewController.m */,
				06CADFF01D474953009FC910 /* Main.storyboard */,
				06CADFF31D474953009FC910 /* Assets.xcassets */,
				06CADFF51D474953009FC910 /* LaunchScreen.storyboard */,
				06CADFF81D474954009FC910 /* Info.plist */,
				06CADFE71D474953009FC910 /* Supporting Files */,
				0605DAB71D49B18E00811101 /* HPConnection.h */,
				0605DAB81D49B18E00811101 /* HPConnection.m */,
				0605DABA1D49B1A400811101 /* HPServer.h */,
				0605DABB1D49B1A400811101 /* HPServer.m */,
				0605DABD1D49B1AF00811101 /* HPClient.h */,
				0605DABE1D49B1AF00811101 /* HPClient.m */,
				0605DAC01D49BE0400811101 /* HPProxy.h */,
				0605DAC11D49BE0400811101 /* HPProxy.m */,
				0605DAC31D49C0DE00811101 /* HPParser.h */,
				0605DAC41D49C0DE00811101 /* HPParser.m */,
			);
			path = HttpProxy;
			sourceTree = "<group>";
		};
		06CADFE71D474953009FC910 /* Supporting Files */ = {
			isa = PBXGroup;
			children = (
				06CADFE81D474953009FC910 /* main.m */,
			);
			name = "Supporting Files";
			sourceTree = "<group>";
		};
		06CADFFE1D474A02009FC910 /* GCD */ = {
			isa = PBXGroup;
			children = (
				06CADFFF1D474A02009FC910 /* Documentation.html */,
				06CAE0001D474A02009FC910 /* GCDAsyncSocket.h */,
				06CAE0011D474A02009FC910 /* GCDAsyncSocket.m */,
				06CAE0021D474A02009FC910 /* GCDAsyncUdpSocket.h */,
				06CAE0031D474A02009FC910 /* GCDAsyncUdpSocket.m */,
			);
			path = GCD;
			sourceTree = "<group>";
		};
/* End PBXGroup section */

/* Begin PBXNativeTarget section */
		06CADFE31D474953009FC910 /* HttpProxy */ = {
			isa = PBXNativeTarget;
			buildConfigurationList = 06CADFFB1D474954009FC910 /* Build configuration list for PBXNativeTarget "HttpProxy" */;
			buildPhases = (
				06CADFE01D474953009FC910 /* Sources */,
				06CADFE11D474953009FC910 /* Frameworks */,
				06CADFE21D474953009FC910 /* Resources */,
			);
			buildRules = (
			);
			dependencies = (
			);
			name = HttpProxy;
			productName = HttpProxy;
			productReference = 06CADFE41D474953009FC910 /* HttpProxy.app */;
			productType = "com.apple.product-type.application";
		};
/* End PBXNativeTarget section */

/* Begin PBXProject section */
		06CADFDC1D474953009FC910 /* Project object */ = {
			isa = PBXProject;
			attributes = {
				LastUpgradeCheck = 0730;
				ORGANIZATIONNAME = Fin;
				TargetAttributes = {
					06CADFE31D474953009FC910 = {
						CreatedOnToolsVersion = 7.3.1;
					};
				};
			};
			buildConfigurationList = 06CADFDF1D474953009FC910 /* Build configuration list for PBXProject "HttpProxy" */;
			compatibilityVersion = "Xcode 3.2";
			developmentRegion = English;
			hasScannedForEncodings = 0;
			knownRegions = (
				en,
				Base,
			);
			mainGroup = 06CADFDB1D474953009FC910;
			productRefGroup = 06CADFE51D474953009FC910 /* Products */;
			projectDirPath = "";
			projectRoot = "";
			targets = (
				06CADFE31D474953009FC910 /* HttpProxy */,
			);
		};
/* End PBXProject section */

/* Begin PBXResourcesBuildPhase section */
		06CADFE21D474953009FC910 /* Resources */ = {
			isa = PBXResourcesBuildPhase;
			buildActionMask = 2147483647;
			files = (
				06CADFF71D474953009FC910 /* LaunchScreen.storyboard in Resources */,
				06CADFF41D474953009FC910 /* Assets.xcassets in Resources */,
				06CADFF21D474953009FC910 /* Main.storyboard in Resources */,
				06CAE0041D474A02009FC910 /* Documentation.html in Resources */,
			);
			runOnlyForDeploymentPostprocessing = 0;
		};
/* End PBXResourcesBuildPhase section */

/* Begin PBXSourcesBuildPhase section */
		06CADFE01D474953009FC910 /* Sources */ = {
			isa = PBXSourcesBuildPhase;
			buildActionMask = 2147483647;
			files = (
				0605DAB91D49B18E00811101 /* HPConnection.m in Sources */,
				0605DABF1D49B1AF00811101 /* HPClient.m in Sources */,
				06CAE0051D474A02009FC910 /* GCDAsyncSocket.m in Sources */,
				06CAE0061D474A02009FC910 /* GCDAsyncUdpSocket.m in Sources */,
				06CADFEF1D474953009FC910 /* ViewController.m in Sources */,
				06CADFEC1D474953009FC910 /* AppDelegate.m in Sources */,
				0605DABC1D49B1A400811101 /* HPServer.m in Sources */,
				06CADFE91D474953009FC910 /* main.m in Sources */,
				0605DAC51D49C0DE00811101 /* HPParser.m in Sources */,
				0605DAC21D49BE0400811101 /* HPProxy.m in Sources */,
			);
			runOnlyForDeploymentPostprocessing = 0;
		};
/* End PBXSourcesBuildPhase section */

/* Begin PBXVariantGroup section */
		06CADFF01D474953009FC910 /* Main.storyboard */ = {
			isa = PBXVariantGroup;
			children = (
				06CADFF11D474953009FC910 /* Base */,
			);
			name = Main.storyboard;
			sourceTree = "<group>";
		};
		06CADFF51D474953009FC910 /* LaunchScreen.storyboard */ = {
			isa = PBXVariantGroup;
			children = (
				06CADFF61D474953009FC910 /* Base */,
			);
			name = LaunchScreen.storyboard;
			sourceTree = "<group>";
		};
/* End PBXVariantGroup section */

/* Begin XCBuildConfiguration section */
		06CADFF91D474954009FC910 /* Debug */ = {
			isa = XCBuildConfiguration;
			buildSettings = {
				ALWAYS_SEARCH_USER_PATHS = NO;
				CLANG_ANALYZER_NONNULL = YES;
				CLANG_CXX_LANGUAGE_STANDARD = "gnu++0x";
				CLANG_CXX_LIBRARY = "libc++";
				CLANG_ENABLE_MODULES = YES;
				CLANG_ENABLE_OBJC_ARC = YES;
				CLANG_WARN_BOOL_CONVERSION = YES;
				CLANG_WARN_CONSTANT_CONVERSION = YES;
				CLANG_WARN_DIRECT_OBJC_ISA_USAGE = YES_ERROR;
				CLANG_WARN_EMPTY_BODY = YES;
				CLANG_WARN_ENUM_CONVERSION = YES;
				CLANG_WARN_INT_CONVERSION = YES;
				CLANG_WARN_OBJC_ROOT_CLASS = YES_ERROR;
				CLANG_WARN_UNREACHABLE_CODE = YES;
				CLANG_WARN__DUPLICATE_METHOD_MATCH = YES;
				"CODE_SIGN_IDENTITY[sdk=iphoneos*]" = "iPhone Developer";
				COPY_PHASE_STRIP = NO;
				DEBUG_INFORMATION_FORMAT = dwarf;
				ENABLE_STRICT_OBJC_MSGSEND = YES;
				ENABLE_TESTABILITY = YES;
				GCC_C_LANGUAGE_STANDARD = gnu99;
				GCC_DYNAMIC_NO_PIC = NO;
				GCC_NO_COMMON_BLOCKS = YES;
				GCC_OPTIMIZATION_LEVEL = 0;
				GCC_PREPROCESSOR_DEFINITIONS = (
					"DEBUG=1",
					"$(inherited)",
				);
				GCC_WARN_64_TO_32_BIT_CONVERSION = YES;
				GCC_WARN_ABOUT_RETURN_TYPE = YES_ERROR;
				GCC_WARN_UNDECLARED_SELECTOR = YES;
				GCC_WARN_UNINITIALIZED_AUTOS = YES_AGGRESSIVE;
				GCC_WARN_UNUSED_FUNCTION = YES;
				GCC_WARN_UNUSED_VARIABLE = YES;
				IPHONEOS_DEPLOYMENT_TARGET = 9.3;
				MTL_ENABLE_DEBUG_INFO = YES;
				ONLY_ACTIVE_ARCH = YES;
				SDKROOT = iphoneos;
				TARGETED_DEVICE_FAMILY = "1,2";
			};
			name = Debug;
		};
		06CADFFA1D474954009FC910 /* Release */ = {
			isa = XCBuildConfiguration;
			buildSettings = {
				ALWAYS_SEARCH_USER_PATHS = NO;
				CLANG_ANALYZER_NONNULL = YES;
				CLANG_CXX_LANGUAGE_STANDARD = "gnu++0x";
				CLANG_CXX_LIBRARY = "libc++";
				CLANG_ENABLE_MODULES = YES;
				CLANG_ENABLE_OBJC_ARC = YES;
				CLANG_WARN_BOOL_CONVERSION = YES;
				CLANG_WARN_CONSTANT_CONVERSION = YES;
				CLANG_WARN_DIRECT_OBJC_ISA_USAGE = YES_ERROR;
				CLANG_WARN_EMPTY_BODY = YES;
				CLANG_WARN_ENUM_CONVERSION = YES;
				CLANG_WARN_INT_CONVERSION = YES;
				CLANG_WARN_OBJC_ROOT_CLASS = YES_ERROR;
				CLANG_WARN_UNREACHABLE_CODE = YES;
				CLANG_WARN__DUPLICATE_METHOD_MATCH = YES;
				"CODE_SIGN_IDENTITY[sdk=iphoneos*]" = "iPhone Developer";
				COPY_PHASE_STRIP = NO;
				DEBUG_INFORMATION_FORMAT = "dwarf-with-dsym";
				ENABLE_NS_ASSERTIONS = NO;
				ENABLE_STRICT_OBJC_MSGSEND = YES;
				GCC_C_LANGUAGE_STANDARD = gnu99;
				GCC_NO_COMMON_BLOCKS = YES;
				GCC_WARN_64_TO_32_BIT_CONVERSION = YES;
				GCC_WARN_ABOUT_RETURN_TYPE = YES_ERROR;
				GCC_WARN_UNDECLARED_SELECTOR = YES;
				GCC_WARN_UNINITIALIZED_AUTOS = YES_AGGRESSIVE;
				GCC_WARN_UNUSED_FUNCTION = YES;
				GCC_WARN_UNUSED_VARIABLE = YES;
				IPHONEOS_DEPLOYMENT_TARGET = 9.3;
				MTL_ENABLE_DEBUG_INFO = NO;
				SDKROOT = iphoneos;
				TARGETED_DEVICE_FAMILY = "1,2";
				VALIDATE_PRODUCT = YES;
			};
			name = Release;
		};
		06CADFFC1D474954009FC910 /* Debug */ = {
			isa = XCBuildConfiguration;
			buildSettings = {
				ASSETCATALOG_COMPILER_APPICON_NAME = AppIcon;
				INFOPLIST_FILE = HttpProxy/Info.plist;
				LD_RUNPATH_SEARCH_PATHS = "$(inherited) @executable_path/Frameworks";
				PRODUCT_BUNDLE_IDENTIFIER = me.fin.HttpProxy;
				PRODUCT_NAME = "$(TARGET_NAME)";
			};
			name = Debug;
		};
		06CADFFD1D474954009FC910 /* Release */ = {
			isa = XCBuildConfiguration;
			buildSettings = {
				ASSETCATALOG_COMPILER_APPICON_NAME = AppIcon;
				INFOPLIST_FILE = HttpProxy/Info.plist;
				LD_RUNPATH_SEARCH_PATHS = "$(inherited) @executable_path/Frameworks";
				PRODUCT_BUNDLE_IDENTIFIER = me.fin.HttpProxy;
				PRODUCT_NAME = "$(TARGET_NAME)";
			};
			name = Release;
		};
/* End XCBuildConfiguration section */

/* Begin XCConfigurationList section */
		06CADFDF1D474953009FC910 /* Build configuration list for PBXProject "HttpProxy" */ = {
			isa = XCConfigurationList;
			buildConfigurations = (
				06CADFF91D474954009FC910 /* Debug */,
				06CADFFA1D474954009FC910 /* Release */,
			);
			defaultConfigurationIsVisible = 0;
			defaultConfigurationName = Release;
		};
		06CADFFB1D474954009FC910 /* Build configuration list for PBXNativeTarget "HttpProxy" */ = {
			isa = XCConfigurationList;
			buildConfigurations = (
				06CADFFC1D474954009FC910 /* Debug */,
				06CADFFD1D474954009FC910 /* Release */,
			);
			defaultConfigurationIsVisible = 0;
			defaultConfigurationName = Release;
		};
/* End XCConfigurationList section */
	};
	rootObject = 06CADFDC1D474953009FC910 /* Project object */;
}
